// !$*UTF8*$!
{
	archiveVersion = 1;
	classes = {
	};
	objectVersion = 56;
	objects = {

/* Begin PBXBuildFile section */
		97DB2C1529F928F10037C59D /* ComfortablePandAiOSApp.swift in Sources */ = {isa = PBXBuildFile; fileRef = 97DB2C1429F928F10037C59D /* ComfortablePandAiOSApp.swift */; };
		97DB2C1729F928F10037C59D /* ContentView.swift in Sources */ = {isa = PBXBuildFile; fileRef = 97DB2C1629F928F10037C59D /* ContentView.swift */; };
		97DB2C1929F928F20037C59D /* Assets.xcassets in Resources */ = {isa = PBXBuildFile; fileRef = 97DB2C1829F928F20037C59D /* Assets.xcassets */; };
		97DB2C1D29F928F20037C59D /* Preview Assets.xcassets in Resources */ = {isa = PBXBuildFile; fileRef = 97DB2C1C29F928F20037C59D /* Preview Assets.xcassets */; };
		97DB2C2729F928F20037C59D /* ComfortablePandAiOSTests.swift in Sources */ = {isa = PBXBuildFile; fileRef = 97DB2C2629F928F20037C59D /* ComfortablePandAiOSTests.swift */; };
		97DB2C3129F928F20037C59D /* ComfortablePandAiOSUITests.swift in Sources */ = {isa = PBXBuildFile; fileRef = 97DB2C3029F928F20037C59D /* ComfortablePandAiOSUITests.swift */; };
		97DB2C3329F928F20037C59D /* ComfortablePandAiOSUITestsLaunchTests.swift in Sources */ = {isa = PBXBuildFile; fileRef = 97DB2C3229F928F20037C59D /* ComfortablePandAiOSUITestsLaunchTests.swift */; };
		97DB2C4129F936150037C59D /* EntryView.swift in Sources */ = {isa = PBXBuildFile; fileRef = 97DB2C4029F936150037C59D /* EntryView.swift */; };
		97DB2C4629F95B9F0037C59D /* Entry.swift in Sources */ = {isa = PBXBuildFile; fileRef = 97DB2C4529F95B9F0037C59D /* Entry.swift */; };
		97DB2C482A0654A10037C59D /* MainView.swift in Sources */ = {isa = PBXBuildFile; fileRef = 97DB2C472A0654A10037C59D /* MainView.swift */; };
		97DB2C652A065C180037C59D /* WidgetKit.framework in Frameworks */ = {isa = PBXBuildFile; fileRef = 97DB2C642A065C180037C59D /* WidgetKit.framework */; };
		97DB2C672A065C180037C59D /* SwiftUI.framework in Frameworks */ = {isa = PBXBuildFile; fileRef = 97DB2C662A065C180037C59D /* SwiftUI.framework */; };
		97DB2C6A2A065C180037C59D /* PandAssist_WidgetBundle.swift in Sources */ = {isa = PBXBuildFile; fileRef = 97DB2C692A065C180037C59D /* PandAssist_WidgetBundle.swift */; };
		97DB2C6C2A065C180037C59D /* PandAssist_WidgetLiveActivity.swift in Sources */ = {isa = PBXBuildFile; fileRef = 97DB2C6B2A065C180037C59D /* PandAssist_WidgetLiveActivity.swift */; };
		97DB2C6E2A065C180037C59D /* PandAssist_Widget.swift in Sources */ = {isa = PBXBuildFile; fileRef = 97DB2C6D2A065C180037C59D /* PandAssist_Widget.swift */; };
		97DB2C712A065C1A0037C59D /* Assets.xcassets in Resources */ = {isa = PBXBuildFile; fileRef = 97DB2C702A065C1A0037C59D /* Assets.xcassets */; };
		97DB2C732A065C1A0037C59D /* PandAssist_Widget.intentdefinition in Sources */ = {isa = PBXBuildFile; fileRef = 97DB2C6F2A065C180037C59D /* PandAssist_Widget.intentdefinition */; };
		97DB2C742A065C1A0037C59D /* PandAssist_Widget.intentdefinition in Sources */ = {isa = PBXBuildFile; fileRef = 97DB2C6F2A065C180037C59D /* PandAssist_Widget.intentdefinition */; };
		97DB2C772A065C1A0037C59D /* PandAssist WidgetExtension.appex in Embed Foundation Extensions */ = {isa = PBXBuildFile; fileRef = 97DB2C622A065C180037C59D /* PandAssist WidgetExtension.appex */; settings = {ATTRIBUTES = (RemoveHeadersOnCopy, ); }; };
		97DB2C7E2A067BD90037C59D /* WidgetMainView.swift in Sources */ = {isa = PBXBuildFile; fileRef = 97DB2C7D2A067BD90037C59D /* WidgetMainView.swift */; };
		97DB2C812A0686680037C59D /* dates.swift in Sources */ = {isa = PBXBuildFile; fileRef = 97DB2C802A0686680037C59D /* dates.swift */; };
		97DB2C832A06875A0037C59D /* colors.swift in Sources */ = {isa = PBXBuildFile; fileRef = 97DB2C822A06875A0037C59D /* colors.swift */; };
		97DB2C842A06875A0037C59D /* colors.swift in Sources */ = {isa = PBXBuildFile; fileRef = 97DB2C822A06875A0037C59D /* colors.swift */; };
		97DB2C852A06881B0037C59D /* dates.swift in Sources */ = {isa = PBXBuildFile; fileRef = 97DB2C802A0686680037C59D /* dates.swift */; };
		97DB2C862A0688210037C59D /* Entry.swift in Sources */ = {isa = PBXBuildFile; fileRef = 97DB2C4529F95B9F0037C59D /* Entry.swift */; };
/* End PBXBuildFile section */

/* Begin PBXContainerItemProxy section */
		97DB2C2329F928F20037C59D /* PBXContainerItemProxy */ = {
			isa = PBXContainerItemProxy;
			containerPortal = 97DB2C0929F928F10037C59D /* Project object */;
			proxyType = 1;
			remoteGlobalIDString = 97DB2C1029F928F10037C59D;
			remoteInfo = ComfortablePandAiOS;
		};
		97DB2C2D29F928F20037C59D /* PBXContainerItemProxy */ = {
			isa = PBXContainerItemProxy;
			containerPortal = 97DB2C0929F928F10037C59D /* Project object */;
			proxyType = 1;
			remoteGlobalIDString = 97DB2C1029F928F10037C59D;
			remoteInfo = ComfortablePandAiOS;
		};
		97DB2C752A065C1A0037C59D /* PBXContainerItemProxy */ = {
			isa = PBXContainerItemProxy;
			containerPortal = 97DB2C0929F928F10037C59D /* Project object */;
			proxyType = 1;
			remoteGlobalIDString = 97DB2C612A065C180037C59D;
			remoteInfo = "PandAssist WidgetExtension";
		};
/* End PBXContainerItemProxy section */

/* Begin PBXCopyFilesBuildPhase section */
		97DB2C7B2A065C1A0037C59D /* Embed Foundation Extensions */ = {
			isa = PBXCopyFilesBuildPhase;
			buildActionMask = 2147483647;
			dstPath = "";
			dstSubfolderSpec = 13;
			files = (
				97DB2C772A065C1A0037C59D /* PandAssist WidgetExtension.appex in Embed Foundation Extensions */,
			);
			name = "Embed Foundation Extensions";
			runOnlyForDeploymentPostprocessing = 0;
		};
/* End PBXCopyFilesBuildPhase section */

/* Begin PBXFileReference section */
		97DB2C1129F928F10037C59D /* ComfortablePandAiOS.app */ = {isa = PBXFileReference; explicitFileType = wrapper.application; includeInIndex = 0; path = ComfortablePandAiOS.app; sourceTree = BUILT_PRODUCTS_DIR; };
		97DB2C1429F928F10037C59D /* ComfortablePandAiOSApp.swift */ = {isa = PBXFileReference; lastKnownFileType = sourcecode.swift; path = ComfortablePandAiOSApp.swift; sourceTree = "<group>"; };
		97DB2C1629F928F10037C59D /* ContentView.swift */ = {isa = PBXFileReference; lastKnownFileType = sourcecode.swift; path = ContentView.swift; sourceTree = "<group>"; };
		97DB2C1829F928F20037C59D /* Assets.xcassets */ = {isa = PBXFileReference; lastKnownFileType = folder.assetcatalog; path = Assets.xcassets; sourceTree = "<group>"; };
		97DB2C1A29F928F20037C59D /* ComfortablePandAiOS.entitlements */ = {isa = PBXFileReference; lastKnownFileType = text.plist.entitlements; path = ComfortablePandAiOS.entitlements; sourceTree = "<group>"; };
		97DB2C1C29F928F20037C59D /* Preview Assets.xcassets */ = {isa = PBXFileReference; lastKnownFileType = folder.assetcatalog; path = "Preview Assets.xcassets"; sourceTree = "<group>"; };
		97DB2C2229F928F20037C59D /* ComfortablePandAiOSTests.xctest */ = {isa = PBXFileReference; explicitFileType = wrapper.cfbundle; includeInIndex = 0; path = ComfortablePandAiOSTests.xctest; sourceTree = BUILT_PRODUCTS_DIR; };
		97DB2C2629F928F20037C59D /* ComfortablePandAiOSTests.swift */ = {isa = PBXFileReference; lastKnownFileType = sourcecode.swift; path = ComfortablePandAiOSTests.swift; sourceTree = "<group>"; };
		97DB2C2C29F928F20037C59D /* ComfortablePandAiOSUITests.xctest */ = {isa = PBXFileReference; explicitFileType = wrapper.cfbundle; includeInIndex = 0; path = ComfortablePandAiOSUITests.xctest; sourceTree = BUILT_PRODUCTS_DIR; };
		97DB2C3029F928F20037C59D /* ComfortablePandAiOSUITests.swift */ = {isa = PBXFileReference; lastKnownFileType = sourcecode.swift; path = ComfortablePandAiOSUITests.swift; sourceTree = "<group>"; };
		97DB2C3229F928F20037C59D /* ComfortablePandAiOSUITestsLaunchTests.swift */ = {isa = PBXFileReference; lastKnownFileType = sourcecode.swift; path = ComfortablePandAiOSUITestsLaunchTests.swift; sourceTree = "<group>"; };
		97DB2C4029F936150037C59D /* EntryView.swift */ = {isa = PBXFileReference; lastKnownFileType = sourcecode.swift; path = EntryView.swift; sourceTree = "<group>"; };
		97DB2C4529F95B9F0037C59D /* Entry.swift */ = {isa = PBXFileReference; lastKnownFileType = sourcecode.swift; path = Entry.swift; sourceTree = "<group>"; };
		97DB2C472A0654A10037C59D /* MainView.swift */ = {isa = PBXFileReference; lastKnownFileType = sourcecode.swift; path = MainView.swift; sourceTree = "<group>"; };
		97DB2C622A065C180037C59D /* PandAssist WidgetExtension.appex */ = {isa = PBXFileReference; explicitFileType = "wrapper.app-extension"; includeInIndex = 0; path = "PandAssist WidgetExtension.appex"; sourceTree = BUILT_PRODUCTS_DIR; };
		97DB2C642A065C180037C59D /* WidgetKit.framework */ = {isa = PBXFileReference; lastKnownFileType = wrapper.framework; name = WidgetKit.framework; path = System/Library/Frameworks/WidgetKit.framework; sourceTree = SDKROOT; };
		97DB2C662A065C180037C59D /* SwiftUI.framework */ = {isa = PBXFileReference; lastKnownFileType = wrapper.framework; name = SwiftUI.framework; path = System/Library/Frameworks/SwiftUI.framework; sourceTree = SDKROOT; };
		97DB2C692A065C180037C59D /* PandAssist_WidgetBundle.swift */ = {isa = PBXFileReference; lastKnownFileType = sourcecode.swift; path = PandAssist_WidgetBundle.swift; sourceTree = "<group>"; };
		97DB2C6B2A065C180037C59D /* PandAssist_WidgetLiveActivity.swift */ = {isa = PBXFileReference; lastKnownFileType = sourcecode.swift; path = PandAssist_WidgetLiveActivity.swift; sourceTree = "<group>"; };
		97DB2C6D2A065C180037C59D /* PandAssist_Widget.swift */ = {isa = PBXFileReference; lastKnownFileType = sourcecode.swift; path = PandAssist_Widget.swift; sourceTree = "<group>"; };
		97DB2C6F2A065C180037C59D /* PandAssist_Widget.intentdefinition */ = {isa = PBXFileReference; lastKnownFileType = file.intentdefinition; path = PandAssist_Widget.intentdefinition; sourceTree = "<group>"; };
		97DB2C702A065C1A0037C59D /* Assets.xcassets */ = {isa = PBXFileReference; lastKnownFileType = folder.assetcatalog; path = Assets.xcassets; sourceTree = "<group>"; };
		97DB2C722A065C1A0037C59D /* Info.plist */ = {isa = PBXFileReference; lastKnownFileType = text.plist.xml; path = Info.plist; sourceTree = "<group>"; };
		97DB2C7D2A067BD90037C59D /* WidgetMainView.swift */ = {isa = PBXFileReference; lastKnownFileType = sourcecode.swift; path = WidgetMainView.swift; sourceTree = "<group>"; };
		97DB2C802A0686680037C59D /* dates.swift */ = {isa = PBXFileReference; lastKnownFileType = sourcecode.swift; path = dates.swift; sourceTree = "<group>"; };
		97DB2C822A06875A0037C59D /* colors.swift */ = {isa = PBXFileReference; lastKnownFileType = sourcecode.swift; path = colors.swift; sourceTree = "<group>"; };
/* End PBXFileReference section */

/* Begin PBXFrameworksBuildPhase section */
		97DB2C0E29F928F10037C59D /* Frameworks */ = {
			isa = PBXFrameworksBuildPhase;
			buildActionMask = 2147483647;
			files = (
			);
			runOnlyForDeploymentPostprocessing = 0;
		};
		97DB2C1F29F928F20037C59D /* Frameworks */ = {
			isa = PBXFrameworksBuildPhase;
			buildActionMask = 2147483647;
			files = (
			);
			runOnlyForDeploymentPostprocessing = 0;
		};
		97DB2C2929F928F20037C59D /* Frameworks */ = {
			isa = PBXFrameworksBuildPhase;
			buildActionMask = 2147483647;
			files = (
			);
			runOnlyForDeploymentPostprocessing = 0;
		};
		97DB2C5F2A065C180037C59D /* Frameworks */ = {
			isa = PBXFrameworksBuildPhase;
			buildActionMask = 2147483647;
			files = (
				97DB2C672A065C180037C59D /* SwiftUI.framework in Frameworks */,
				97DB2C652A065C180037C59D /* WidgetKit.framework in Frameworks */,
			);
			runOnlyForDeploymentPostprocessing = 0;
		};
/* End PBXFrameworksBuildPhase section */

/* Begin PBXGroup section */
		97DB2C0829F928F10037C59D = {
			isa = PBXGroup;
			children = (
				97DB2C1329F928F10037C59D /* ComfortablePandAiOS */,
				97DB2C2529F928F20037C59D /* ComfortablePandAiOSTests */,
				97DB2C2F29F928F20037C59D /* ComfortablePandAiOSUITests */,
				97DB2C682A065C180037C59D /* PandAssist Widget */,
				97DB2C632A065C180037C59D /* Frameworks */,
				97DB2C1229F928F10037C59D /* Products */,
			);
			sourceTree = "<group>";
		};
		97DB2C1229F928F10037C59D /* Products */ = {
			isa = PBXGroup;
			children = (
				97DB2C1129F928F10037C59D /* ComfortablePandAiOS.app */,
				97DB2C2229F928F20037C59D /* ComfortablePandAiOSTests.xctest */,
				97DB2C2C29F928F20037C59D /* ComfortablePandAiOSUITests.xctest */,
				97DB2C622A065C180037C59D /* PandAssist WidgetExtension.appex */,
			);
			name = Products;
			sourceTree = "<group>";
		};
		97DB2C1329F928F10037C59D /* ComfortablePandAiOS */ = {
			isa = PBXGroup;
			children = (
				97DB2C7F2A0686580037C59D /* utils */,
				97DB2C4429F945140037C59D /* Model */,
				97DB2C3F29F935E80037C59D /* View */,
				97DB2C1429F928F10037C59D /* ComfortablePandAiOSApp.swift */,
				97DB2C1629F928F10037C59D /* ContentView.swift */,
				97DB2C1829F928F20037C59D /* Assets.xcassets */,
				97DB2C1A29F928F20037C59D /* ComfortablePandAiOS.entitlements */,
				97DB2C1B29F928F20037C59D /* Preview Content */,
			);
			path = ComfortablePandAiOS;
			sourceTree = "<group>";
		};
		97DB2C1B29F928F20037C59D /* Preview Content */ = {
			isa = PBXGroup;
			children = (
				97DB2C1C29F928F20037C59D /* Preview Assets.xcassets */,
			);
			path = "Preview Content";
			sourceTree = "<group>";
		};
		97DB2C2529F928F20037C59D /* ComfortablePandAiOSTests */ = {
			isa = PBXGroup;
			children = (
				97DB2C2629F928F20037C59D /* ComfortablePandAiOSTests.swift */,
			);
			path = ComfortablePandAiOSTests;
			sourceTree = "<group>";
		};
		97DB2C2F29F928F20037C59D /* ComfortablePandAiOSUITests */ = {
			isa = PBXGroup;
			children = (
				97DB2C3029F928F20037C59D /* ComfortablePandAiOSUITests.swift */,
				97DB2C3229F928F20037C59D /* ComfortablePandAiOSUITestsLaunchTests.swift */,
			);
			path = ComfortablePandAiOSUITests;
			sourceTree = "<group>";
		};
		97DB2C3F29F935E80037C59D /* View */ = {
			isa = PBXGroup;
			children = (
				97DB2C4029F936150037C59D /* EntryView.swift */,
				97DB2C472A0654A10037C59D /* MainView.swift */,
			);
			path = View;
			sourceTree = "<group>";
		};
		97DB2C4429F945140037C59D /* Model */ = {
			isa = PBXGroup;
			children = (
				97DB2C4529F95B9F0037C59D /* Entry.swift */,
			);
			path = Model;
			sourceTree = "<group>";
		};
		97DB2C632A065C180037C59D /* Frameworks */ = {
			isa = PBXGroup;
			children = (
				97DB2C642A065C180037C59D /* WidgetKit.framework */,
				97DB2C662A065C180037C59D /* SwiftUI.framework */,
			);
			name = Frameworks;
			sourceTree = "<group>";
		};
		97DB2C682A065C180037C59D /* PandAssist Widget */ = {
			isa = PBXGroup;
			children = (
				97DB2C7C2A067BB80037C59D /* View */,
				97DB2C692A065C180037C59D /* PandAssist_WidgetBundle.swift */,
				97DB2C6B2A065C180037C59D /* PandAssist_WidgetLiveActivity.swift */,
				97DB2C6D2A065C180037C59D /* PandAssist_Widget.swift */,
				97DB2C6F2A065C180037C59D /* PandAssist_Widget.intentdefinition */,
				97DB2C702A065C1A0037C59D /* Assets.xcassets */,
				97DB2C722A065C1A0037C59D /* Info.plist */,
			);
			path = "PandAssist Widget";
			sourceTree = "<group>";
		};
		97DB2C7C2A067BB80037C59D /* View */ = {
			isa = PBXGroup;
			children = (
				97DB2C7D2A067BD90037C59D /* WidgetMainView.swift */,
			);
			path = View;
			sourceTree = "<group>";
		};
		97DB2C7F2A0686580037C59D /* utils */ = {
			isa = PBXGroup;
			children = (
				97DB2C802A0686680037C59D /* dates.swift */,
				97DB2C822A06875A0037C59D /* colors.swift */,
			);
			path = utils;
			sourceTree = "<group>";
		};
/* End PBXGroup section */

/* Begin PBXNativeTarget section */
		97DB2C1029F928F10037C59D /* ComfortablePandAiOS */ = {
			isa = PBXNativeTarget;
			buildConfigurationList = 97DB2C3629F928F20037C59D /* Build configuration list for PBXNativeTarget "ComfortablePandAiOS" */;
			buildPhases = (
				97DB2C0D29F928F10037C59D /* Sources */,
				97DB2C0E29F928F10037C59D /* Frameworks */,
				97DB2C0F29F928F10037C59D /* Resources */,
				97DB2C7B2A065C1A0037C59D /* Embed Foundation Extensions */,
			);
			buildRules = (
			);
			dependencies = (
				97DB2C762A065C1A0037C59D /* PBXTargetDependency */,
			);
			name = ComfortablePandAiOS;
			productName = ComfortablePandAiOS;
			productReference = 97DB2C1129F928F10037C59D /* ComfortablePandAiOS.app */;
			productType = "com.apple.product-type.application";
		};
		97DB2C2129F928F20037C59D /* ComfortablePandAiOSTests */ = {
			isa = PBXNativeTarget;
			buildConfigurationList = 97DB2C3929F928F20037C59D /* Build configuration list for PBXNativeTarget "ComfortablePandAiOSTests" */;
			buildPhases = (
				97DB2C1E29F928F20037C59D /* Sources */,
				97DB2C1F29F928F20037C59D /* Frameworks */,
				97DB2C2029F928F20037C59D /* Resources */,
			);
			buildRules = (
			);
			dependencies = (
				97DB2C2429F928F20037C59D /* PBXTargetDependency */,
			);
			name = ComfortablePandAiOSTests;
			productName = ComfortablePandAiOSTests;
			productReference = 97DB2C2229F928F20037C59D /* ComfortablePandAiOSTests.xctest */;
			productType = "com.apple.product-type.bundle.unit-test";
		};
		97DB2C2B29F928F20037C59D /* ComfortablePandAiOSUITests */ = {
			isa = PBXNativeTarget;
			buildConfigurationList = 97DB2C3C29F928F20037C59D /* Build configuration list for PBXNativeTarget "ComfortablePandAiOSUITests" */;
			buildPhases = (
				97DB2C2829F928F20037C59D /* Sources */,
				97DB2C2929F928F20037C59D /* Frameworks */,
				97DB2C2A29F928F20037C59D /* Resources */,
			);
			buildRules = (
			);
			dependencies = (
				97DB2C2E29F928F20037C59D /* PBXTargetDependency */,
			);
			name = ComfortablePandAiOSUITests;
			productName = ComfortablePandAiOSUITests;
			productReference = 97DB2C2C29F928F20037C59D /* ComfortablePandAiOSUITests.xctest */;
			productType = "com.apple.product-type.bundle.ui-testing";
		};
		97DB2C612A065C180037C59D /* PandAssist WidgetExtension */ = {
			isa = PBXNativeTarget;
			buildConfigurationList = 97DB2C782A065C1A0037C59D /* Build configuration list for PBXNativeTarget "PandAssist WidgetExtension" */;
			buildPhases = (
				97DB2C5E2A065C180037C59D /* Sources */,
				97DB2C5F2A065C180037C59D /* Frameworks */,
				97DB2C602A065C180037C59D /* Resources */,
			);
			buildRules = (
			);
			dependencies = (
			);
			name = "PandAssist WidgetExtension";
			productName = "PandAssist WidgetExtension";
			productReference = 97DB2C622A065C180037C59D /* PandAssist WidgetExtension.appex */;
			productType = "com.apple.product-type.app-extension";
		};
/* End PBXNativeTarget section */

/* Begin PBXProject section */
		97DB2C0929F928F10037C59D /* Project object */ = {
			isa = PBXProject;
			attributes = {
				BuildIndependentTargetsInParallel = 1;
				LastSwiftUpdateCheck = 1420;
				LastUpgradeCheck = 1420;
				TargetAttributes = {
					97DB2C1029F928F10037C59D = {
						CreatedOnToolsVersion = 14.2;
					};
					97DB2C2129F928F20037C59D = {
						CreatedOnToolsVersion = 14.2;
						TestTargetID = 97DB2C1029F928F10037C59D;
					};
					97DB2C2B29F928F20037C59D = {
						CreatedOnToolsVersion = 14.2;
						TestTargetID = 97DB2C1029F928F10037C59D;
					};
					97DB2C612A065C180037C59D = {
						CreatedOnToolsVersion = 14.2;
					};
				};
			};
			buildConfigurationList = 97DB2C0C29F928F10037C59D /* Build configuration list for PBXProject "ComfortablePandAiOS" */;
			compatibilityVersion = "Xcode 14.0";
			developmentRegion = en;
			hasScannedForEncodings = 0;
			knownRegions = (
				en,
				Base,
			);
			mainGroup = 97DB2C0829F928F10037C59D;
			productRefGroup = 97DB2C1229F928F10037C59D /* Products */;
			projectDirPath = "";
			projectRoot = "";
			targets = (
				97DB2C1029F928F10037C59D /* ComfortablePandAiOS */,
				97DB2C2129F928F20037C59D /* ComfortablePandAiOSTests */,
				97DB2C2B29F928F20037C59D /* ComfortablePandAiOSUITests */,
				97DB2C612A065C180037C59D /* PandAssist WidgetExtension */,
			);
		};
/* End PBXProject section */

/* Begin PBXResourcesBuildPhase section */
		97DB2C0F29F928F10037C59D /* Resources */ = {
			isa = PBXResourcesBuildPhase;
			buildActionMask = 2147483647;
			files = (
				97DB2C1D29F928F20037C59D /* Preview Assets.xcassets in Resources */,
				97DB2C1929F928F20037C59D /* Assets.xcassets in Resources */,
			);
			runOnlyForDeploymentPostprocessing = 0;
		};
		97DB2C2029F928F20037C59D /* Resources */ = {
			isa = PBXResourcesBuildPhase;
			buildActionMask = 2147483647;
			files = (
			);
			runOnlyForDeploymentPostprocessing = 0;
		};
		97DB2C2A29F928F20037C59D /* Resources */ = {
			isa = PBXResourcesBuildPhase;
			buildActionMask = 2147483647;
			files = (
			);
			runOnlyForDeploymentPostprocessing = 0;
		};
		97DB2C602A065C180037C59D /* Resources */ = {
			isa = PBXResourcesBuildPhase;
			buildActionMask = 2147483647;
			files = (
				97DB2C712A065C1A0037C59D /* Assets.xcassets in Resources */,
			);
			runOnlyForDeploymentPostprocessing = 0;
		};
/* End PBXResourcesBuildPhase section */

/* Begin PBXSourcesBuildPhase section */
		97DB2C0D29F928F10037C59D /* Sources */ = {
			isa = PBXSourcesBuildPhase;
			buildActionMask = 2147483647;
			files = (
				97DB2C4629F95B9F0037C59D /* Entry.swift in Sources */,
				97DB2C1729F928F10037C59D /* ContentView.swift in Sources */,
				97DB2C742A065C1A0037C59D /* PandAssist_Widget.intentdefinition in Sources */,
				97DB2C1529F928F10037C59D /* ComfortablePandAiOSApp.swift in Sources */,
				97DB2C7E2A067BD90037C59D /* WidgetMainView.swift in Sources */,
				97DB2C482A0654A10037C59D /* MainView.swift in Sources */,
				97DB2C4129F936150037C59D /* EntryView.swift in Sources */,
				97DB2C832A06875A0037C59D /* colors.swift in Sources */,
				97DB2C812A0686680037C59D /* dates.swift in Sources */,
			);
			runOnlyForDeploymentPostprocessing = 0;
		};
		97DB2C1E29F928F20037C59D /* Sources */ = {
			isa = PBXSourcesBuildPhase;
			buildActionMask = 2147483647;
			files = (
				97DB2C2729F928F20037C59D /* ComfortablePandAiOSTests.swift in Sources */,
			);
			runOnlyForDeploymentPostprocessing = 0;
		};
		97DB2C2829F928F20037C59D /* Sources */ = {
			isa = PBXSourcesBuildPhase;
			buildActionMask = 2147483647;
			files = (
				97DB2C3329F928F20037C59D /* ComfortablePandAiOSUITestsLaunchTests.swift in Sources */,
				97DB2C3129F928F20037C59D /* ComfortablePandAiOSUITests.swift in Sources */,
			);
			runOnlyForDeploymentPostprocessing = 0;
		};
		97DB2C5E2A065C180037C59D /* Sources */ = {
			isa = PBXSourcesBuildPhase;
			buildActionMask = 2147483647;
			files = (
				97DB2C862A0688210037C59D /* Entry.swift in Sources */,
				97DB2C732A065C1A0037C59D /* PandAssist_Widget.intentdefinition in Sources */,
				97DB2C852A06881B0037C59D /* dates.swift in Sources */,
				97DB2C842A06875A0037C59D /* colors.swift in Sources */,
				97DB2C6C2A065C180037C59D /* PandAssist_WidgetLiveActivity.swift in Sources */,
				97DB2C6A2A065C180037C59D /* PandAssist_WidgetBundle.swift in Sources */,
				97DB2C6E2A065C180037C59D /* PandAssist_Widget.swift in Sources */,
			);
			runOnlyForDeploymentPostprocessing = 0;
		};
/* End PBXSourcesBuildPhase section */

/* Begin PBXTargetDependency section */
		97DB2C2429F928F20037C59D /* PBXTargetDependency */ = {
			isa = PBXTargetDependency;
			target = 97DB2C1029F928F10037C59D /* ComfortablePandAiOS */;
			targetProxy = 97DB2C2329F928F20037C59D /* PBXContainerItemProxy */;
		};
		97DB2C2E29F928F20037C59D /* PBXTargetDependency */ = {
			isa = PBXTargetDependency;
			target = 97DB2C1029F928F10037C59D /* ComfortablePandAiOS */;
			targetProxy = 97DB2C2D29F928F20037C59D /* PBXContainerItemProxy */;
		};
		97DB2C762A065C1A0037C59D /* PBXTargetDependency */ = {
			isa = PBXTargetDependency;
			target = 97DB2C612A065C180037C59D /* PandAssist WidgetExtension */;
			targetProxy = 97DB2C752A065C1A0037C59D /* PBXContainerItemProxy */;
		};
/* End PBXTargetDependency section */

/* Begin XCBuildConfiguration section */
		97DB2C3429F928F20037C59D /* Debug */ = {
			isa = XCBuildConfiguration;
			buildSettings = {
				ALWAYS_SEARCH_USER_PATHS = NO;
				CLANG_ANALYZER_NONNULL = YES;
				CLANG_ANALYZER_NUMBER_OBJECT_CONVERSION = YES_AGGRESSIVE;
				CLANG_CXX_LANGUAGE_STANDARD = "gnu++20";
				CLANG_ENABLE_MODULES = YES;
				CLANG_ENABLE_OBJC_ARC = YES;
				CLANG_ENABLE_OBJC_WEAK = YES;
				CLANG_WARN_BLOCK_CAPTURE_AUTORELEASING = YES;
				CLANG_WARN_BOOL_CONVERSION = YES;
				CLANG_WARN_COMMA = YES;
				CLANG_WARN_CONSTANT_CONVERSION = YES;
				CLANG_WARN_DEPRECATED_OBJC_IMPLEMENTATIONS = YES;
				CLANG_WARN_DIRECT_OBJC_ISA_USAGE = YES_ERROR;
				CLANG_WARN_DOCUMENTATION_COMMENTS = YES;
				CLANG_WARN_EMPTY_BODY = YES;
				CLANG_WARN_ENUM_CONVERSION = YES;
				CLANG_WARN_INFINITE_RECURSION = YES;
				CLANG_WARN_INT_CONVERSION = YES;
				CLANG_WARN_NON_LITERAL_NULL_CONVERSION = YES;
				CLANG_WARN_OBJC_IMPLICIT_RETAIN_SELF = YES;
				CLANG_WARN_OBJC_LITERAL_CONVERSION = YES;
				CLANG_WARN_OBJC_ROOT_CLASS = YES_ERROR;
				CLANG_WARN_QUOTED_INCLUDE_IN_FRAMEWORK_HEADER = YES;
				CLANG_WARN_RANGE_LOOP_ANALYSIS = YES;
				CLANG_WARN_STRICT_PROTOTYPES = YES;
				CLANG_WARN_SUSPICIOUS_MOVE = YES;
				CLANG_WARN_UNGUARDED_AVAILABILITY = YES_AGGRESSIVE;
				CLANG_WARN_UNREACHABLE_CODE = YES;
				CLANG_WARN__DUPLICATE_METHOD_MATCH = YES;
				COPY_PHASE_STRIP = NO;
				DEBUG_INFORMATION_FORMAT = dwarf;
				ENABLE_STRICT_OBJC_MSGSEND = YES;
				ENABLE_TESTABILITY = YES;
				GCC_C_LANGUAGE_STANDARD = gnu11;
				GCC_DYNAMIC_NO_PIC = NO;
				GCC_NO_COMMON_BLOCKS = YES;
				GCC_OPTIMIZATION_LEVEL = 0;
				GCC_PREPROCESSOR_DEFINITIONS = (
					"DEBUG=1",
					"$(inherited)",
				);
				GCC_WARN_64_TO_32_BIT_CONVERSION = YES;
				GCC_WARN_ABOUT_RETURN_TYPE = YES_ERROR;
				GCC_WARN_UNDECLARED_SELECTOR = YES;
				GCC_WARN_UNINITIALIZED_AUTOS = YES_AGGRESSIVE;
				GCC_WARN_UNUSED_FUNCTION = YES;
				GCC_WARN_UNUSED_VARIABLE = YES;
				MTL_ENABLE_DEBUG_INFO = INCLUDE_SOURCE;
				MTL_FAST_MATH = YES;
				ONLY_ACTIVE_ARCH = YES;
				SWIFT_ACTIVE_COMPILATION_CONDITIONS = DEBUG;
				SWIFT_OPTIMIZATION_LEVEL = "-Onone";
			};
			name = Debug;
		};
		97DB2C3529F928F20037C59D /* Release */ = {
			isa = XCBuildConfiguration;
			buildSettings = {
				ALWAYS_SEARCH_USER_PATHS = NO;
				CLANG_ANALYZER_NONNULL = YES;
				CLANG_ANALYZER_NUMBER_OBJECT_CONVERSION = YES_AGGRESSIVE;
				CLANG_CXX_LANGUAGE_STANDARD = "gnu++20";
				CLANG_ENABLE_MODULES = YES;
				CLANG_ENABLE_OBJC_ARC = YES;
				CLANG_ENABLE_OBJC_WEAK = YES;
				CLANG_WARN_BLOCK_CAPTURE_AUTORELEASING = YES;
				CLANG_WARN_BOOL_CONVERSION = YES;
				CLANG_WARN_COMMA = YES;
				CLANG_WARN_CONSTANT_CONVERSION = YES;
				CLANG_WARN_DEPRECATED_OBJC_IMPLEMENTATIONS = YES;
				CLANG_WARN_DIRECT_OBJC_ISA_USAGE = YES_ERROR;
				CLANG_WARN_DOCUMENTATION_COMMENTS = YES;
				CLANG_WARN_EMPTY_BODY = YES;
				CLANG_WARN_ENUM_CONVERSION = YES;
				CLANG_WARN_INFINITE_RECURSION = YES;
				CLANG_WARN_INT_CONVERSION = YES;
				CLANG_WARN_NON_LITERAL_NULL_CONVERSION = YES;
				CLANG_WARN_OBJC_IMPLICIT_RETAIN_SELF = YES;
				CLANG_WARN_OBJC_LITERAL_CONVERSION = YES;
				CLANG_WARN_OBJC_ROOT_CLASS = YES_ERROR;
				CLANG_WARN_QUOTED_INCLUDE_IN_FRAMEWORK_HEADER = YES;
				CLANG_WARN_RANGE_LOOP_ANALYSIS = YES;
				CLANG_WARN_STRICT_PROTOTYPES = YES;
				CLANG_WARN_SUSPICIOUS_MOVE = YES;
				CLANG_WARN_UNGUARDED_AVAILABILITY = YES_AGGRESSIVE;
				CLANG_WARN_UNREACHABLE_CODE = YES;
				CLANG_WARN__DUPLICATE_METHOD_MATCH = YES;
				COPY_PHASE_STRIP = NO;
				DEBUG_INFORMATION_FORMAT = "dwarf-with-dsym";
				ENABLE_NS_ASSERTIONS = NO;
				ENABLE_STRICT_OBJC_MSGSEND = YES;
				GCC_C_LANGUAGE_STANDARD = gnu11;
				GCC_NO_COMMON_BLOCKS = YES;
				GCC_WARN_64_TO_32_BIT_CONVERSION = YES;
				GCC_WARN_ABOUT_RETURN_TYPE = YES_ERROR;
				GCC_WARN_UNDECLARED_SELECTOR = YES;
				GCC_WARN_UNINITIALIZED_AUTOS = YES_AGGRESSIVE;
				GCC_WARN_UNUSED_FUNCTION = YES;
				GCC_WARN_UNUSED_VARIABLE = YES;
				MTL_ENABLE_DEBUG_INFO = NO;
				MTL_FAST_MATH = YES;
				SWIFT_COMPILATION_MODE = wholemodule;
				SWIFT_OPTIMIZATION_LEVEL = "-O";
			};
			name = Release;
		};
		97DB2C3729F928F20037C59D /* Debug */ = {
			isa = XCBuildConfiguration;
			buildSettings = {
				ALWAYS_EMBED_SWIFT_STANDARD_LIBRARIES = YES;
				ASSETCATALOG_COMPILER_APPICON_NAME = AppIcon;
				ASSETCATALOG_COMPILER_GLOBAL_ACCENT_COLOR_NAME = AccentColor;
				CODE_SIGN_ENTITLEMENTS = ComfortablePandAiOS/ComfortablePandAiOS.entitlements;
				CODE_SIGN_STYLE = Automatic;
				CURRENT_PROJECT_VERSION = 1;
				DEVELOPMENT_ASSET_PATHS = "\"ComfortablePandAiOS/Preview Content\"";
				DEVELOPMENT_TEAM = V6B4TS7288;
				ENABLE_HARDENED_RUNTIME = YES;
				ENABLE_PREVIEWS = YES;
				GENERATE_INFOPLIST_FILE = YES;
				"INFOPLIST_KEY_UIApplicationSceneManifest_Generation[sdk=iphoneos*]" = YES;
				"INFOPLIST_KEY_UIApplicationSceneManifest_Generation[sdk=iphonesimulator*]" = YES;
				"INFOPLIST_KEY_UIApplicationSupportsIndirectInputEvents[sdk=iphoneos*]" = YES;
				"INFOPLIST_KEY_UIApplicationSupportsIndirectInputEvents[sdk=iphonesimulator*]" = YES;
				"INFOPLIST_KEY_UILaunchScreen_Generation[sdk=iphoneos*]" = YES;
				"INFOPLIST_KEY_UILaunchScreen_Generation[sdk=iphonesimulator*]" = YES;
				"INFOPLIST_KEY_UIStatusBarStyle[sdk=iphoneos*]" = UIStatusBarStyleDefault;
				"INFOPLIST_KEY_UIStatusBarStyle[sdk=iphonesimulator*]" = UIStatusBarStyleDefault;
				INFOPLIST_KEY_UISupportedInterfaceOrientations_iPad = "UIInterfaceOrientationPortrait UIInterfaceOrientationPortraitUpsideDown UIInterfaceOrientationLandscapeLeft UIInterfaceOrientationLandscapeRight";
				INFOPLIST_KEY_UISupportedInterfaceOrientations_iPhone = "UIInterfaceOrientationPortrait UIInterfaceOrientationLandscapeLeft UIInterfaceOrientationLandscapeRight";
				IPHONEOS_DEPLOYMENT_TARGET = 16.2;
				LD_RUNPATH_SEARCH_PATHS = "@executable_path/Frameworks";
				"LD_RUNPATH_SEARCH_PATHS[sdk=macosx*]" = "@executable_path/../Frameworks";
				MACOSX_DEPLOYMENT_TARGET = 13.0;
				MARKETING_VERSION = 1.0;
				PRODUCT_BUNDLE_IDENTIFIER = com.das08.PandAssist;
				PRODUCT_NAME = "$(TARGET_NAME)";
				SDKROOT = auto;
				SUPPORTED_PLATFORMS = "iphoneos iphonesimulator macosx";
				SWIFT_EMIT_LOC_STRINGS = YES;
				SWIFT_VERSION = 5.0;
				TARGETED_DEVICE_FAMILY = "1,2";
			};
			name = Debug;
		};
		97DB2C3829F928F20037C59D /* Release */ = {
			isa = XCBuildConfiguration;
			buildSettings = {
				ALWAYS_EMBED_SWIFT_STANDARD_LIBRARIES = YES;
				ASSETCATALOG_COMPILER_APPICON_NAME = AppIcon;
				ASSETCATALOG_COMPILER_GLOBAL_ACCENT_COLOR_NAME = AccentColor;
				CODE_SIGN_ENTITLEMENTS = ComfortablePandAiOS/ComfortablePandAiOS.entitlements;
				CODE_SIGN_STYLE = Automatic;
				CURRENT_PROJECT_VERSION = 1;
				DEVELOPMENT_ASSET_PATHS = "\"ComfortablePandAiOS/Preview Content\"";
				DEVELOPMENT_TEAM = V6B4TS7288;
				ENABLE_HARDENED_RUNTIME = YES;
				ENABLE_PREVIEWS = YES;
				GENERATE_INFOPLIST_FILE = YES;
				"INFOPLIST_KEY_UIApplicationSceneManifest_Generation[sdk=iphoneos*]" = YES;
				"INFOPLIST_KEY_UIApplicationSceneManifest_Generation[sdk=iphonesimulator*]" = YES;
				"INFOPLIST_KEY_UIApplicationSupportsIndirectInputEvents[sdk=iphoneos*]" = YES;
				"INFOPLIST_KEY_UIApplicationSupportsIndirectInputEvents[sdk=iphonesimulator*]" = YES;
				"INFOPLIST_KEY_UILaunchScreen_Generation[sdk=iphoneos*]" = YES;
				"INFOPLIST_KEY_UILaunchScreen_Generation[sdk=iphonesimulator*]" = YES;
				"INFOPLIST_KEY_UIStatusBarStyle[sdk=iphoneos*]" = UIStatusBarStyleDefault;
				"INFOPLIST_KEY_UIStatusBarStyle[sdk=iphonesimulator*]" = UIStatusBarStyleDefault;
				INFOPLIST_KEY_UISupportedInterfaceOrientations_iPad = "UIInterfaceOrientationPortrait UIInterfaceOrientationPortraitUpsideDown UIInterfaceOrientationLandscapeLeft UIInterfaceOrientationLandscapeRight";
				INFOPLIST_KEY_UISupportedInterfaceOrientations_iPhone = "UIInterfaceOrientationPortrait UIInterfaceOrientationLandscapeLeft UIInterfaceOrientationLandscapeRight";
				IPHONEOS_DEPLOYMENT_TARGET = 16.2;
				LD_RUNPATH_SEARCH_PATHS = "@executable_path/Frameworks";
				"LD_RUNPATH_SEARCH_PATHS[sdk=macosx*]" = "@executable_path/../Frameworks";
				MACOSX_DEPLOYMENT_TARGET = 13.0;
				MARKETING_VERSION = 1.0;
				PRODUCT_BUNDLE_IDENTIFIER = com.das08.PandAssist;
				PRODUCT_NAME = "$(TARGET_NAME)";
				SDKROOT = auto;
				SUPPORTED_PLATFORMS = "iphoneos iphonesimulator macosx";
				SWIFT_EMIT_LOC_STRINGS = YES;
				SWIFT_VERSION = 5.0;
				TARGETED_DEVICE_FAMILY = "1,2";
			};
			name = Release;
		};
		97DB2C3A29F928F20037C59D /* Debug */ = {
			isa = XCBuildConfiguration;
			buildSettings = {
				ALWAYS_EMBED_SWIFT_STANDARD_LIBRARIES = YES;
				BUNDLE_LOADER = "$(TEST_HOST)";
				CODE_SIGN_STYLE = Automatic;
				CURRENT_PROJECT_VERSION = 1;
				DEVELOPMENT_TEAM = V6B4TS7288;
				GENERATE_INFOPLIST_FILE = YES;
				IPHONEOS_DEPLOYMENT_TARGET = 16.2;
				MACOSX_DEPLOYMENT_TARGET = 13.0;
				MARKETING_VERSION = 1.0;
				PRODUCT_BUNDLE_IDENTIFIER = com.das08.ComfortablePandAiOSTests;
				PRODUCT_NAME = "$(TARGET_NAME)";
				SDKROOT = auto;
				SUPPORTED_PLATFORMS = "iphoneos iphonesimulator macosx";
				SWIFT_EMIT_LOC_STRINGS = NO;
				SWIFT_VERSION = 5.0;
				TARGETED_DEVICE_FAMILY = "1,2";
				TEST_HOST = "$(BUILT_PRODUCTS_DIR)/ComfortablePandAiOS.app/$(BUNDLE_EXECUTABLE_FOLDER_PATH)/ComfortablePandAiOS";
			};
			name = Debug;
		};
		97DB2C3B29F928F20037C59D /* Release */ = {
			isa = XCBuildConfiguration;
			buildSettings = {
				ALWAYS_EMBED_SWIFT_STANDARD_LIBRARIES = YES;
				BUNDLE_LOADER = "$(TEST_HOST)";
				CODE_SIGN_STYLE = Automatic;
				CURRENT_PROJECT_VERSION = 1;
				DEVELOPMENT_TEAM = V6B4TS7288;
				GENERATE_INFOPLIST_FILE = YES;
				IPHONEOS_DEPLOYMENT_TARGET = 16.2;
				MACOSX_DEPLOYMENT_TARGET = 13.0;
				MARKETING_VERSION = 1.0;
				PRODUCT_BUNDLE_IDENTIFIER = com.das08.ComfortablePandAiOSTests;
				PRODUCT_NAME = "$(TARGET_NAME)";
				SDKROOT = auto;
				SUPPORTED_PLATFORMS = "iphoneos iphonesimulator macosx";
				SWIFT_EMIT_LOC_STRINGS = NO;
				SWIFT_VERSION = 5.0;
				TARGETED_DEVICE_FAMILY = "1,2";
				TEST_HOST = "$(BUILT_PRODUCTS_DIR)/ComfortablePandAiOS.app/$(BUNDLE_EXECUTABLE_FOLDER_PATH)/ComfortablePandAiOS";
			};
			name = Release;
		};
		97DB2C3D29F928F20037C59D /* Debug */ = {
			isa = XCBuildConfiguration;
			buildSettings = {
				ALWAYS_EMBED_SWIFT_STANDARD_LIBRARIES = YES;
				CODE_SIGN_STYLE = Automatic;
				CURRENT_PROJECT_VERSION = 1;
				DEVELOPMENT_TEAM = V6B4TS7288;
				GENERATE_INFOPLIST_FILE = YES;
				IPHONEOS_DEPLOYMENT_TARGET = 16.2;
				MACOSX_DEPLOYMENT_TARGET = 13.0;
				MARKETING_VERSION = 1.0;
				PRODUCT_BUNDLE_IDENTIFIER = com.das08.ComfortablePandAiOSUITests;
				PRODUCT_NAME = "$(TARGET_NAME)";
				SDKROOT = auto;
				SUPPORTED_PLATFORMS = "iphoneos iphonesimulator macosx";
				SWIFT_EMIT_LOC_STRINGS = NO;
				SWIFT_VERSION = 5.0;
				TARGETED_DEVICE_FAMILY = "1,2";
				TEST_TARGET_NAME = ComfortablePandAiOS;
			};
			name = Debug;
		};
		97DB2C3E29F928F20037C59D /* Release */ = {
			isa = XCBuildConfiguration;
			buildSettings = {
				ALWAYS_EMBED_SWIFT_STANDARD_LIBRARIES = YES;
				CODE_SIGN_STYLE = Automatic;
				CURRENT_PROJECT_VERSION = 1;
				DEVELOPMENT_TEAM = V6B4TS7288;
				GENERATE_INFOPLIST_FILE = YES;
				IPHONEOS_DEPLOYMENT_TARGET = 16.2;
				MACOSX_DEPLOYMENT_TARGET = 13.0;
				MARKETING_VERSION = 1.0;
				PRODUCT_BUNDLE_IDENTIFIER = com.das08.ComfortablePandAiOSUITests;
				PRODUCT_NAME = "$(TARGET_NAME)";
				SDKROOT = auto;
				SUPPORTED_PLATFORMS = "iphoneos iphonesimulator macosx";
				SWIFT_EMIT_LOC_STRINGS = NO;
				SWIFT_VERSION = 5.0;
				TARGETED_DEVICE_FAMILY = "1,2";
				TEST_TARGET_NAME = ComfortablePandAiOS;
			};
			name = Release;
		};
		97DB2C792A065C1A0037C59D /* Debug */ = {
			isa = XCBuildConfiguration;
			buildSettings = {
				ASSETCATALOG_COMPILER_GLOBAL_ACCENT_COLOR_NAME = AccentColor;
				ASSETCATALOG_COMPILER_WIDGET_BACKGROUND_COLOR_NAME = WidgetBackground;
				CODE_SIGN_STYLE = Automatic;
				CURRENT_PROJECT_VERSION = 1;
				DEVELOPMENT_TEAM = V6B4TS7288;
				GENERATE_INFOPLIST_FILE = YES;
				INFOPLIST_FILE = "PandAssist Widget/Info.plist";
				INFOPLIST_KEY_CFBundleDisplayName = "PandAssist Widget";
				INFOPLIST_KEY_NSHumanReadableCopyright = "";
				IPHONEOS_DEPLOYMENT_TARGET = 16.2;
				LD_RUNPATH_SEARCH_PATHS = (
					"$(inherited)",
					"@executable_path/Frameworks",
					"@executable_path/../../Frameworks",
				);
				MARKETING_VERSION = 1.0;
				PRODUCT_BUNDLE_IDENTIFIER = "com.das08.PandAssist.PandAssist-Widget";
				PRODUCT_NAME = "$(TARGET_NAME)";
				SDKROOT = iphoneos;
				SKIP_INSTALL = YES;
				SWIFT_EMIT_LOC_STRINGS = YES;
				SWIFT_VERSION = 5.0;
				TARGETED_DEVICE_FAMILY = "1,2";
			};
			name = Debug;
		};
		97DB2C7A2A065C1A0037C59D /* Release */ = {
			isa = XCBuildConfiguration;
			buildSettings = {
				ASSETCATALOG_COMPILER_GLOBAL_ACCENT_COLOR_NAME = AccentColor;
				ASSETCATALOG_COMPILER_WIDGET_BACKGROUND_COLOR_NAME = WidgetBackground;
				CODE_SIGN_STYLE = Automatic;
				CURRENT_PROJECT_VERSION = 1;
				DEVELOPMENT_TEAM = V6B4TS7288;
				GENERATE_INFOPLIST_FILE = YES;
				INFOPLIST_FILE = "PandAssist Widget/Info.plist";
				INFOPLIST_KEY_CFBundleDisplayName = "PandAssist Widget";
				INFOPLIST_KEY_NSHumanReadableCopyright = "";
				IPHONEOS_DEPLOYMENT_TARGET = 16.2;
				LD_RUNPATH_SEARCH_PATHS = (
					"$(inherited)",
					"@executable_path/Frameworks",
					"@executable_path/../../Frameworks",
				);
				MARKETING_VERSION = 1.0;
				PRODUCT_BUNDLE_IDENTIFIER = "com.das08.PandAssist.PandAssist-Widget";
				PRODUCT_NAME = "$(TARGET_NAME)";
				SDKROOT = iphoneos;
				SKIP_INSTALL = YES;
				SWIFT_EMIT_LOC_STRINGS = YES;
				SWIFT_VERSION = 5.0;
				TARGETED_DEVICE_FAMILY = "1,2";
				VALIDATE_PRODUCT = YES;
			};
			name = Release;
		};
/* End XCBuildConfiguration section */

/* Begin XCConfigurationList section */
		97DB2C0C29F928F10037C59D /* Build configuration list for PBXProject "ComfortablePandAiOS" */ = {
			isa = XCConfigurationList;
			buildConfigurations = (
				97DB2C3429F928F20037C59D /* Debug */,
				97DB2C3529F928F20037C59D /* Release */,
			);
			defaultConfigurationIsVisible = 0;
			defaultConfigurationName = Release;
		};
		97DB2C3629F928F20037C59D /* Build configuration list for PBXNativeTarget "ComfortablePandAiOS" */ = {
			isa = XCConfigurationList;
			buildConfigurations = (
				97DB2C3729F928F20037C59D /* Debug */,
				97DB2C3829F928F20037C59D /* Release */,
			);
			defaultConfigurationIsVisible = 0;
			defaultConfigurationName = Release;
		};
		97DB2C3929F928F20037C59D /* Build configuration list for PBXNativeTarget "ComfortablePandAiOSTests" */ = {
			isa = XCConfigurationList;
			buildConfigurations = (
				97DB2C3A29F928F20037C59D /* Debug */,
				97DB2C3B29F928F20037C59D /* Release */,
			);
			defaultConfigurationIsVisible = 0;
			defaultConfigurationName = Release;
		};
		97DB2C3C29F928F20037C59D /* Build configuration list for PBXNativeTarget "ComfortablePandAiOSUITests" */ = {
			isa = XCConfigurationList;
			buildConfigurations = (
				97DB2C3D29F928F20037C59D /* Debug */,
				97DB2C3E29F928F20037C59D /* Release */,
			);
			defaultConfigurationIsVisible = 0;
			defaultConfigurationName = Release;
		};
		97DB2C782A065C1A0037C59D /* Build configuration list for PBXNativeTarget "PandAssist WidgetExtension" */ = {
			isa = XCConfigurationList;
			buildConfigurations = (
				97DB2C792A065C1A0037C59D /* Debug */,
				97DB2C7A2A065C1A0037C59D /* Release */,
			);
			defaultConfigurationIsVisible = 0;
			defaultConfigurationName = Release;
		};
/* End XCConfigurationList section */
	};
	rootObject = 97DB2C0929F928F10037C59D /* Project object */;
}
